
Microsoft Visual Studio Solution File, Format Version 12.00
# Visual Studio 2013
VisualStudioVersion = 12.0.40629.0
MinimumVisualStudioVersion = 10.0.40219.1
Project("{FAE04EC0-301F-11D3-BF4B-00C04F79EFBC}") = "ChoixResto", "ChoixResto\ChoixResto.csproj", "{4FF5678B-7BD9-4505-BD0E-4B0F96FB2FCC}"
EndProject
Project("{FAE04EC0-301F-11D3-BF4B-00C04F79EFBC}") = "ChoixResto.Tests", "ChoixResto.Tests\ChoixResto.Tests.csproj", "{580ED282-03F2-420C-9133-FEFADB446D6B}"
EndProject
Global
	GlobalSection(SolutionConfigurationPlatforms) = preSolution
		Debug|Any CPU = Debug|Any CPU
		Release|Any CPU = Release|Any CPU
	EndGlobalSection
	GlobalSection(ProjectConfigurationPlatforms) = postSolution
		{4FF5678B-7BD9-4505-BD0E-4B0F96FB2FCC}.Debug|Any CPU.ActiveCfg = Debug|Any CPU
		{4FF5678B-7BD9-4505-BD0E-4B0F96FB2FCC}.Debug|Any CPU.Build.0 = Debug|Any CPU
		{4FF5678B-7BD9-4505-BD0E-4B0F96FB2FCC}.Release|Any CPU.ActiveCfg = Release|Any CPU
		{4FF5678B-7BD9-4505-BD0E-4B0F96FB2FCC}.Release|Any CPU.Build.0 = Release|Any CPU
		{580ED282-03F2-420C-9133-FEFADB446D6B}.Debug|Any CPU.ActiveCfg = Debug|Any CPU
		{580ED282-03F2-420C-9133-FEFADB446D6B}.Debug|Any CPU.Build.0 = Debug|Any CPU
		{580ED282-03F2-420C-9133-FEFADB446D6B}.Release|Any CPU.ActiveCfg = Release|Any CPU
		{580ED282-03F2-420C-9133-FEFADB446D6B}.Release|Any CPU.Build.0 = Release|Any CPU
	EndGlobalSection
	GlobalSection(SolutionProperties) = preSolution
		HideSolutionNode = FALSE
	EndGlobalSection
EndGlobal
